
Microsoft Visual Studio Solution File, Format Version 12.00
# Visual Studio Version 17
VisualStudioVersion = 17.8.34330.188
MinimumVisualStudioVersion = 10.0.40219.1
Project("{FAE04EC0-301F-11D3-BF4B-00C04F79EFBC}") = "HandShaker", "HandShaker\HandShaker.csproj", "{0190BCE9-6F09-408F-8522-CB5863FF2DC9}"
EndProject
Project("{9A19103F-16F7-4668-BE54-9A1E7A4F7556}") = "HandShaker.Server", "HandShaker.Server\HandShaker.Server.csproj", "{0181397F-5883-4C3B-ABE2-A02E44D5E4CD}"
EndProject
Project("{2150E333-8FDC-42A3-9474-1A3956D46DE8}") = "Solution Items", "Solution Items", "{CD3583FE-E305-4DAA-8406-A11AD4A174F8}"
	ProjectSection(SolutionItems) = preProject
		.editorconfig = .editorconfig
	EndProjectSection
EndProject
Global
	GlobalSection(SolutionConfigurationPlatforms) = preSolution
		Debug|Any CPU = Debug|Any CPU
		Release|Any CPU = Release|Any CPU
	EndGlobalSection
	GlobalSection(ProjectConfigurationPlatforms) = postSolution
		{0190BCE9-6F09-408F-8522-CB5863FF2DC9}.Debug|Any CPU.ActiveCfg = Debug|Any CPU
		{0190BCE9-6F09-408F-8522-CB5863FF2DC9}.Debug|Any CPU.Build.0 = Debug|Any CPU
		{0190BCE9-6F09-408F-8522-CB5863FF2DC9}.Release|Any CPU.ActiveCfg = Release|Any CPU
		{0190BCE9-6F09-408F-8522-CB5863FF2DC9}.Release|Any CPU.Build.0 = Release|Any CPU
		{0181397F-5883-4C3B-ABE2-A02E44D5E4CD}.Debug|Any CPU.ActiveCfg = Debug|Any CPU
		{0181397F-5883-4C3B-ABE2-A02E44D5E4CD}.Debug|Any CPU.Build.0 = Debug|Any CPU
		{0181397F-5883-4C3B-ABE2-A02E44D5E4CD}.Release|Any CPU.ActiveCfg = Release|Any CPU
		{0181397F-5883-4C3B-ABE2-A02E44D5E4CD}.Release|Any CPU.Build.0 = Release|Any CPU
	EndGlobalSection
	GlobalSection(SolutionProperties) = preSolution
		HideSolutionNode = FALSE
	EndGlobalSection
	GlobalSection(ExtensibilityGlobals) = postSolution
		SolutionGuid = {965EE317-FA05-409B-B94D-0116CB0B3140}
	EndGlobalSection
EndGlobal
